{
  "version": 4,
  "terraform_version": "1.3.3",
  "serial": 4,
  "lineage": "4b2e4ecc-34d9-aa25-ecd2-fd5cff602492",
  "outputs": {},
  "resources": [
    {
      "mode": "managed",
      "type": "proxmox_lxc",
      "name": "ubuntu_lxc",
      "provider": "provider[\"registry.terraform.io/telmate/proxmox\"]",
      "instances": [
        {
          "schema_version": 0,
          "attributes": {
            "arch": "amd64",
            "bwlimit": 0,
            "clone": null,
            "clone_storage": null,
            "cmode": "tty",
            "console": true,
            "cores": 1,
            "cpulimit": 0,
            "cpuunits": 1024,
            "description": "",
            "features": [],
            "force": false,
            "full": null,
            "hagroup": "",
            "hastate": "",
            "hookscript": "",
            "hostname": "ubuntu-lxc",
            "id": "pve1/lxc/104",
            "ignore_unpack_errors": false,
            "lock": "",
            "memory": 512,
            "mountpoint": [],
            "nameserver": "8.8.8.8",
            "network": [
              {
                "bridge": "vmbr0",
                "firewall": true,
                "gw": "",
                "gw6": "",
                "hwaddr": "1A:57:76:6E:F3:A6",
                "ip": "dhcp",
                "ip6": "",
                "mtu": 0,
                "name": "eth0",
                "rate": 0,
                "tag": 0,
                "trunks": "",
                "type": "veth"
              }
            ],
            "onboot": true,
            "ostemplate": "local:vztmpl/ubuntu-22.04-standard_22.04-1_amd64.tar.zst",
            "ostype": "ubuntu",
            "password": "terraform",
            "pool": null,
            "protection": false,
            "restore": false,
            "rootfs": [
              {
                "acl": false,
                "quota": false,
                "replicate": false,
                "ro": false,
                "shared": false,
                "size": "32G",
                "storage": "local",
                "volume": "local:104/vm-104-disk-0.raw"
              }
            ],
            "searchdomain": "",
            "ssh_public_keys": "ssh-rsa AAAAB3NzaC1yc2EAAAADAQABAAABgQCZ391jiPNiscavMEeKK08roPB0UhReEhRRicpqI0cy88H4OHHUOPhHdiOZO7tIBHDS2ZBorjZBxNbZg8DLT+dwrW41qbnHrOhcLb7MoAlHosghA6wuMNKshSRzE37jD5le7gqOHreL24TFjV/s6sFanDdvaMoGa3CQd+e6Q8Vq3Y6XZjDylAj35ZD4PBUb+MIUiKReOJ0E0CqT0hoWocdddlCxrJCZweydSkG7oJ44MHvwRIYrHQj4fEJANMKwtEFz4U745e96pZ63vEqK4uZgIbOrcXtSDxMy7W5HNPKpKpdddXwGeyPTecwP2+8iXLWbQ+ITU1dqtGHXHwI7FNLHiYUzIOZ8XCax6SvDqrhg06itgfncwf1eiXo/bPRF9zo5GladjoHQZ0Hsvt//yjSz/lECoQ4b5JjQUkDfPl+qRCNm/WTgvSqfZltb+w96ntS3a+PjGWI59wJcAXC2svs5Bm7gFXlz1YBNdgiWVKqhiO76epaIiGh4MD2FzWfbiHs= root@sam-p-laptop\n",
            "start": true,
            "startup": "",
            "swap": 0,
            "tags": "",
            "target_node": "pve1",
            "template": false,
            "timeouts": null,
            "tty": 2,
            "unique": false,
            "unprivileged": true,
            "unused": [],
            "vmid": null
          },
          "sensitive_attributes": [],
          "private": "eyJlMmJmYjczMC1lY2FhLTExZTYtOGY4OC0zNDM2M2JjN2M0YzAiOnsiY3JlYXRlIjoxMjAwMDAwMDAwMDAwLCJkZWZhdWx0IjoxMjAwMDAwMDAwMDAwLCJkZWxldGUiOjEyMDAwMDAwMDAwMDAsInJlYWQiOjEyMDAwMDAwMDAwMDAsInVwZGF0ZSI6MTIwMDAwMDAwMDAwMH19"
        }
      ]
    }
  ],
  "check_results": []
}
